
Microsoft Visual Studio Solution File, Format Version 12.00
Project("{FAE04EC0-301F-11D3-BF4B-00C04F79EFBC}") = "Demo.Inventory.Ingestion.Functions", "src\Demo.Inventory.Ingestion.Functions\Demo.Inventory.Ingestion.Functions.csproj", "{E6493F6F-FD50-489F-A7B0-02AFA76D314F}"
EndProject
Project("{FAE04EC0-301F-11D3-BF4B-00C04F79EFBC}") = "Demo.Inventory.Ingestion.Tests", "tests\Demo.Inventory.Ingestion.Tests\Demo.Inventory.Ingestion.Tests.csproj", "{307038B7-C981-4389-B6CE-DCA9E3921496}"
EndProject
Project("{FAE04EC0-301F-11D3-BF4B-00C04F79EFBC}") = "Infrastructure.Messaging.Azure.Queues", "src\Infrastructure.Messaging.Azure.Queues\Infrastructure.Messaging.Azure.Queues.csproj", "{75CA3968-4AEE-48C2-9BB4-8C4C472EB467}"
EndProject
Project("{FAE04EC0-301F-11D3-BF4B-00C04F79EFBC}") = "Infrastructure.Messaging.Azure.Blobs", "src\Infrastructure.Messaging.Azure.Blobs\Infrastructure.Messaging.Azure.Blobs.csproj", "{92F5E1BC-E09F-43A3-8D17-1AA2D311F9C0}"
EndProject
Project("{2150E333-8FDC-42A3-9474-1A3956D46DE8}") = "Infrastructure", "Infrastructure", "{9E6876CD-9AFA-4E18-A02B-D71EDED9C61F}"
EndProject
Project("{2150E333-8FDC-42A3-9474-1A3956D46DE8}") = "Ingestion", "Ingestion", "{3CC724D0-9C74-4D88-8E87-A3D8C45343D2}"
EndProject
Project("{2150E333-8FDC-42A3-9474-1A3956D46DE8}") = "Tests", "Tests", "{12CFDEEC-7DC6-43B7-8E56-D830F7FE1286}"
EndProject
Project("{FAE04EC0-301F-11D3-BF4B-00C04F79EFBC}") = "TestIngestionConsole", "tools\TestIngestionConsole\TestIngestionConsole.csproj", "{C3765177-B01C-41BF-8B79-9BCBE9689495}"
EndProject
Project("{2150E333-8FDC-42A3-9474-1A3956D46DE8}") = "Tools", "Tools", "{EBB16441-DB99-4FCE-9B93-B6052FE25484}"
EndProject
Project("{FAE04EC0-301F-11D3-BF4B-00C04F79EFBC}") = "Demo.Inventory.Ingestion.Domain", "Demo.Inventory.Ingestion.Domain\Demo.Inventory.Ingestion.Domain.csproj", "{92AFF714-2F52-42B4-8169-79DFD8486366}"
EndProject
Global
	GlobalSection(SolutionConfigurationPlatforms) = preSolution
		Debug|Any CPU = Debug|Any CPU
		Release|Any CPU = Release|Any CPU
	EndGlobalSection
	GlobalSection(ProjectConfigurationPlatforms) = postSolution
		{E6493F6F-FD50-489F-A7B0-02AFA76D314F}.Debug|Any CPU.ActiveCfg = Debug|Any CPU
		{E6493F6F-FD50-489F-A7B0-02AFA76D314F}.Debug|Any CPU.Build.0 = Debug|Any CPU
		{E6493F6F-FD50-489F-A7B0-02AFA76D314F}.Release|Any CPU.ActiveCfg = Release|Any CPU
		{E6493F6F-FD50-489F-A7B0-02AFA76D314F}.Release|Any CPU.Build.0 = Release|Any CPU
		{307038B7-C981-4389-B6CE-DCA9E3921496}.Debug|Any CPU.ActiveCfg = Debug|Any CPU
		{307038B7-C981-4389-B6CE-DCA9E3921496}.Debug|Any CPU.Build.0 = Debug|Any CPU
		{307038B7-C981-4389-B6CE-DCA9E3921496}.Release|Any CPU.ActiveCfg = Release|Any CPU
		{307038B7-C981-4389-B6CE-DCA9E3921496}.Release|Any CPU.Build.0 = Release|Any CPU
		{75CA3968-4AEE-48C2-9BB4-8C4C472EB467}.Debug|Any CPU.ActiveCfg = Debug|Any CPU
		{75CA3968-4AEE-48C2-9BB4-8C4C472EB467}.Debug|Any CPU.Build.0 = Debug|Any CPU
		{75CA3968-4AEE-48C2-9BB4-8C4C472EB467}.Release|Any CPU.ActiveCfg = Release|Any CPU
		{75CA3968-4AEE-48C2-9BB4-8C4C472EB467}.Release|Any CPU.Build.0 = Release|Any CPU
		{92F5E1BC-E09F-43A3-8D17-1AA2D311F9C0}.Debug|Any CPU.ActiveCfg = Debug|Any CPU
		{92F5E1BC-E09F-43A3-8D17-1AA2D311F9C0}.Debug|Any CPU.Build.0 = Debug|Any CPU
		{92F5E1BC-E09F-43A3-8D17-1AA2D311F9C0}.Release|Any CPU.ActiveCfg = Release|Any CPU
		{92F5E1BC-E09F-43A3-8D17-1AA2D311F9C0}.Release|Any CPU.Build.0 = Release|Any CPU
		{C3765177-B01C-41BF-8B79-9BCBE9689495}.Debug|Any CPU.ActiveCfg = Debug|Any CPU
		{C3765177-B01C-41BF-8B79-9BCBE9689495}.Debug|Any CPU.Build.0 = Debug|Any CPU
		{C3765177-B01C-41BF-8B79-9BCBE9689495}.Release|Any CPU.ActiveCfg = Release|Any CPU
		{C3765177-B01C-41BF-8B79-9BCBE9689495}.Release|Any CPU.Build.0 = Release|Any CPU
		{92AFF714-2F52-42B4-8169-79DFD8486366}.Debug|Any CPU.ActiveCfg = Debug|Any CPU
		{92AFF714-2F52-42B4-8169-79DFD8486366}.Debug|Any CPU.Build.0 = Debug|Any CPU
		{92AFF714-2F52-42B4-8169-79DFD8486366}.Release|Any CPU.ActiveCfg = Release|Any CPU
		{92AFF714-2F52-42B4-8169-79DFD8486366}.Release|Any CPU.Build.0 = Release|Any CPU
	EndGlobalSection
	GlobalSection(NestedProjects) = preSolution
		{92F5E1BC-E09F-43A3-8D17-1AA2D311F9C0} = {9E6876CD-9AFA-4E18-A02B-D71EDED9C61F}
		{75CA3968-4AEE-48C2-9BB4-8C4C472EB467} = {9E6876CD-9AFA-4E18-A02B-D71EDED9C61F}
		{E6493F6F-FD50-489F-A7B0-02AFA76D314F} = {3CC724D0-9C74-4D88-8E87-A3D8C45343D2}
		{307038B7-C981-4389-B6CE-DCA9E3921496} = {12CFDEEC-7DC6-43B7-8E56-D830F7FE1286}
		{C3765177-B01C-41BF-8B79-9BCBE9689495} = {EBB16441-DB99-4FCE-9B93-B6052FE25484}
	EndGlobalSection
EndGlobal
